
Microsoft Visual Studio Solution File, Format Version 12.00
# Visual Studio Version 17
VisualStudioVersion = 17.5.33530.505
MinimumVisualStudioVersion = 10.0.40219.1
Project("{FAE04EC0-301F-11D3-BF4B-00C04F79EFBC}") = "ejercicio_01", "ejercicio_01\ejercicio_01.csproj", "{96923FAF-6FCA-41D3-A420-C8DCF8F47552}"
EndProject
Global
	GlobalSection(SolutionConfigurationPlatforms) = preSolution
		Debug|Any CPU = Debug|Any CPU
		Release|Any CPU = Release|Any CPU
	EndGlobalSection
	GlobalSection(ProjectConfigurationPlatforms) = postSolution
		{96923FAF-6FCA-41D3-A420-C8DCF8F47552}.Debug|Any CPU.ActiveCfg = Debug|Any CPU
		{96923FAF-6FCA-41D3-A420-C8DCF8F47552}.Debug|Any CPU.Build.0 = Debug|Any CPU
		{96923FAF-6FCA-41D3-A420-C8DCF8F47552}.Release|Any CPU.ActiveCfg = Release|Any CPU
		{96923FAF-6FCA-41D3-A420-C8DCF8F47552}.Release|Any CPU.Build.0 = Release|Any CPU
	EndGlobalSection
	GlobalSection(SolutionProperties) = preSolution
		HideSolutionNode = FALSE
	EndGlobalSection
	GlobalSection(ExtensibilityGlobals) = postSolution
		SolutionGuid = {FEE30DEE-BDB8-4148-8026-92472D6A5BDE}
	EndGlobalSection
EndGlobal
